
Microsoft Visual Studio Solution File, Format Version 12.00
# Visual Studio Version 17
VisualStudioVersion = 17.3.32825.248
MinimumVisualStudioVersion = 10.0.40219.1
Project("{FAE04EC0-301F-11D3-BF4B-00C04F79EFBC}") = "CSClass2", "CSClass2\CSClass2.csproj", "{9AF38127-08BB-4681-A651-27D9EC44CEFD}"
EndProject
Global
	GlobalSection(SolutionConfigurationPlatforms) = preSolution
		Debug|Any CPU = Debug|Any CPU
		Release|Any CPU = Release|Any CPU
	EndGlobalSection
	GlobalSection(ProjectConfigurationPlatforms) = postSolution
		{9AF38127-08BB-4681-A651-27D9EC44CEFD}.Debug|Any CPU.ActiveCfg = Debug|Any CPU
		{9AF38127-08BB-4681-A651-27D9EC44CEFD}.Debug|Any CPU.Build.0 = Debug|Any CPU
		{9AF38127-08BB-4681-A651-27D9EC44CEFD}.Release|Any CPU.ActiveCfg = Release|Any CPU
		{9AF38127-08BB-4681-A651-27D9EC44CEFD}.Release|Any CPU.Build.0 = Release|Any CPU
	EndGlobalSection
	GlobalSection(SolutionProperties) = preSolution
		HideSolutionNode = FALSE
	EndGlobalSection
	GlobalSection(ExtensibilityGlobals) = postSolution
		SolutionGuid = {0E71B69E-B93A-48F6-B9E5-F060797596D8}
	EndGlobalSection
EndGlobal
